<?xml version="1.0" encoding="utf-8"?>
<Project ToolsVersion="4.0" xmlns="http://schemas.microsoft.com/developer/msbuild/2003">
  <ItemGroup>
    <Filter Include="inc">
      <UniqueIdentifier>{93995380-89BD-4b04-88EB-625FBE52EBFB}</UniqueIdentifier>
      <Extensions>h;hpp;hxx;hm;inl;inc;xsd</Extensions>
    </Filter>
    <Filter Include="src">
      <UniqueIdentifier>{67DA6AB6-F800-4c08-8B7A-83BB121AAD01}</UniqueIdentifier>
      <Extensions>rc;ico;cur;bmp;dlg;rc2;rct;bin;rgs;gif;jpg;jpeg;jpe;resx;tiff;tif;png;wav;mfcribbon-ms</Extensions>
    </Filter>
  </ItemGroup>
  <ItemGroup>
    <ClInclude Include="..\..\inc\base\base_common.h">
      <Filter>inc</Filter>
    </ClInclude>
    <ClInclude Include="..\..\inc\base\base_export.h">
      <Filter>inc</Filter>
    </ClInclude>
    <ClInclude Include="..\..\inc\base\base_memory.h">
      <Filter>inc</Filter>
    </ClInclude>
    <ClInclude Include="..\..\inc\base\base_namespace.h">
      <Filter>inc</Filter>
    </ClInclude>
    <ClInclude Include="..\..\inc\base\base_string.h">
      <Filter>inc</Filter>
    </ClInclude>
    <ClInclude Include="..\..\inc\base\base_base64.h">
      <Filter>inc</Filter>
    </ClInclude>
    <ClInclude Include="..\..\inc\base\base_hex.h">
      <Filter>inc</Filter>
    </ClInclude>
    <ClInclude Include="..\..\inc\base\base_byte_stream.h">
      <Filter>inc</Filter>
    </ClInclude>
    <ClInclude Include="..\..\inc\base\base_exception.h">
      <Filter>inc</Filter>
    </ClInclude>
    <ClInclude Include="..\..\inc\base\base_guard.hpp">
      <Filter>inc</Filter>
    </ClInclude>
    <ClInclude Include="..\..\inc\base\base_windows_locker.h">
      <Filter>inc</Filter>
    </ClInclude>
    <ClInclude Include="..\..\inc\base\base_linux_locker.hpp">
      <Filter>inc</Filter>
    </ClInclude>
    <ClInclude Include="..\..\inc\base\base_locker.h">
      <Filter>inc</Filter>
    </ClInclude>
    <ClInclude Include="..\..\inc\base\base_io.h">
      <Filter>inc</Filter>
    </ClInclude>
    <ClInclude Include="..\..\inc\base\base_thread.h">
      <Filter>inc</Filter>
    </ClInclude>
    <ClInclude Include="..\..\inc\base\base_linux_thread.h">
      <Filter>inc</Filter>
    </ClInclude>
    <ClInclude Include="..\..\inc\base\base_windows_thread.h">
      <Filter>inc</Filter>
    </ClInclude>
    <ClInclude Include="..\..\inc\base\base_object_pool.hpp">
      <Filter>inc</Filter>
    </ClInclude>
    <ClInclude Include="..\..\inc\base\base_macro.h">
      <Filter>inc</Filter>
    </ClInclude>
    <ClInclude Include="..\..\inc\base\base_time.h">
      <Filter>inc</Filter>
    </ClInclude>
    <ClInclude Include="..\..\inc\base\base_asyn_log.h">
      <Filter>inc</Filter>
    </ClInclude>
    <ClInclude Include="..\..\inc\base\base_base_log.h">
      <Filter>inc</Filter>
    </ClInclude>
    <ClInclude Include="..\..\inc\base\base_lazy_log.h">
      <Filter>inc</Filter>
    </ClInclude>
    <ClInclude Include="..\..\inc\base\base_log.h">
      <Filter>inc</Filter>
    </ClInclude>
    <ClInclude Include="..\..\inc\base\base_log_types.h">
      <Filter>inc</Filter>
    </ClInclude>
    <ClInclude Include="..\..\inc\base\base_sync_log.h">
      <Filter>inc</Filter>
    </ClInclude>
    <ClInclude Include="..\..\inc\base\base_null_locker.h">
      <Filter>inc</Filter>
    </ClInclude>
    <ClInclude Include="..\..\inc\base\base_uncopy.h">
      <Filter>inc</Filter>
    </ClInclude>
    <ClInclude Include="..\..\inc\base\base_directory.h">
      <Filter>inc</Filter>
    </ClInclude>
    <ClInclude Include="..\..\inc\base\base_memory_pool.hpp">
      <Filter>inc</Filter>
    </ClInclude>
    <ClInclude Include="..\..\inc\base\base_ini.h">
      <Filter>inc</Filter>
    </ClInclude>
    <ClInclude Include="..\..\inc\base\base_convert.hpp">
      <Filter>inc</Filter>
    </ClInclude>
    <ClInclude Include="..\..\inc\base\base_utility.h">
      <Filter>inc</Filter>
    </ClInclude>
    <ClInclude Include="..\..\inc\base\base_timer_manager.h">
      <Filter>inc</Filter>
    </ClInclude>
    <ClInclude Include="..\..\inc\base\base_timer.h">
      <Filter>inc</Filter>
    </ClInclude>
    <ClInclude Include="..\..\inc\base\base_handle_manager.hpp">
      <Filter>inc</Filter>
    </ClInclude>
  </ItemGroup>
  <ItemGroup>
    <ClCompile Include="..\..\src\base\base_string.cpp">
      <Filter>src</Filter>
    </ClCompile>
    <ClCompile Include="..\..\src\base\base_base64.cpp">
      <Filter>src</Filter>
    </ClCompile>
    <ClCompile Include="..\..\src\base\base_hex.cpp">
      <Filter>src</Filter>
    </ClCompile>
    <ClCompile Include="..\..\src\base\base_byte_stream.cpp">
      <Filter>src</Filter>
    </ClCompile>
    <ClCompile Include="..\..\src\base\base_exception.cpp">
      <Filter>src</Filter>
    </ClCompile>
    <ClCompile Include="..\..\src\base\base_windows_locker.cpp">
      <Filter>src</Filter>
    </ClCompile>
    <ClCompile Include="..\..\src\base\base_windows_thread.cpp">
      <Filter>src</Filter>
    </ClCompile>
    <ClCompile Include="..\..\src\base\base_linux_thread.cpp">
      <Filter>src</Filter>
    </ClCompile>
    <ClCompile Include="..\..\src\base\base_time.cpp">
      <Filter>src</Filter>
    </ClCompile>
    <ClCompile Include="..\..\src\base\base_asyn_log.cpp">
      <Filter>src</Filter>
    </ClCompile>
    <ClCompile Include="..\..\src\base\base_base_log.cpp">
      <Filter>src</Filter>
    </ClCompile>
    <ClCompile Include="..\..\src\base\base_lazy_log.cpp">
      <Filter>src</Filter>
    </ClCompile>
    <ClCompile Include="..\..\src\base\base_log.cpp">
      <Filter>src</Filter>
    </ClCompile>
    <ClCompile Include="..\..\src\base\base_sync_log.cpp">
      <Filter>src</Filter>
    </ClCompile>
    <ClCompile Include="..\..\src\base\base_null_locker.cpp">
      <Filter>src</Filter>
    </ClCompile>
    <ClCompile Include="..\..\src\base\base_uncopy.cpp">
      <Filter>src</Filter>
    </ClCompile>
    <ClCompile Include="..\..\src\base\base_directory.cpp">
      <Filter>src</Filter>
    </ClCompile>
    <ClCompile Include="..\..\src\base\base_ini.cpp">
      <Filter>src</Filter>
    </ClCompile>
    <ClCompile Include="..\..\src\base\base_load_log_config.cpp">
      <Filter>src</Filter>
    </ClCompile>
    <ClCompile Include="..\..\src\base\base_timer_manager.cpp">
      <Filter>src</Filter>
    </ClCompile>
    <ClCompile Include="..\..\src\base\base_timer.cpp">
      <Filter>src</Filter>
    </ClCompile>
  </ItemGroup>
</Project>